// !$*UTF8*$!
{
	archiveVersion = 1;
	classes = {
	};
	objectVersion = 46;
	objects = {

/* Begin PBXBuildFile section */
		1218D926FD4A82D0D9D6F16F /* libPods.a in Frameworks */ = {isa = PBXBuildFile; fileRef = 493BCCB3AE738A008AD25400 /* libPods.a */; };
		F557ACDF1B7A6D7E00DC15CE /* main.m in Sources */ = {isa = PBXBuildFile; fileRef = F557ACDE1B7A6D7E00DC15CE /* main.m */; };
		F557ACE21B7A6D7E00DC15CE /* AppDelegate.m in Sources */ = {isa = PBXBuildFile; fileRef = F557ACE11B7A6D7E00DC15CE /* AppDelegate.m */; };
		F557ACE51B7A6D7E00DC15CE /* MasterViewController.m in Sources */ = {isa = PBXBuildFile; fileRef = F557ACE41B7A6D7E00DC15CE /* MasterViewController.m */; };
		F557ACE81B7A6D7E00DC15CE /* DetailViewController.m in Sources */ = {isa = PBXBuildFile; fileRef = F557ACE71B7A6D7E00DC15CE /* DetailViewController.m */; };
		F557ACEB1B7A6D7E00DC15CE /* Main.storyboard in Resources */ = {isa = PBXBuildFile; fileRef = F557ACE91B7A6D7E00DC15CE /* Main.storyboard */; };
		F557ACED1B7A6D7E00DC15CE /* Images.xcassets in Resources */ = {isa = PBXBuildFile; fileRef = F557ACEC1B7A6D7E00DC15CE /* Images.xcassets */; };
		F557ACF01B7A6D7E00DC15CE /* LaunchScreen.xib in Resources */ = {isa = PBXBuildFile; fileRef = F557ACEE1B7A6D7E00DC15CE /* LaunchScreen.xib */; };
		F557ACFC1B7A6D7E00DC15CE /* CodeTestTests.m in Sources */ = {isa = PBXBuildFile; fileRef = F557ACFB1B7A6D7E00DC15CE /* CodeTestTests.m */; };
		F557AD081B7A78A600DC15CE /* customTableViewCell.m in Sources */ = {isa = PBXBuildFile; fileRef = F557AD071B7A78A600DC15CE /* customTableViewCell.m */; };
/* End PBXBuildFile section */

/* Begin PBXContainerItemProxy section */
		F557ACF61B7A6D7E00DC15CE /* PBXContainerItemProxy */ = {
			isa = PBXContainerItemProxy;
			containerPortal = F557ACD11B7A6D7E00DC15CE /* Project object */;
			proxyType = 1;
			remoteGlobalIDString = F557ACD81B7A6D7E00DC15CE;
			remoteInfo = CodeTest;
		};
/* End PBXContainerItemProxy section */

/* Begin PBXFileReference section */
		493BCCB3AE738A008AD25400 /* libPods.a */ = {isa = PBXFileReference; explicitFileType = archive.ar; includeInIndex = 0; path = libPods.a; sourceTree = BUILT_PRODUCTS_DIR; };
		B8D6BD716FD421B3DD9B87EB /* Pods.release.xcconfig */ = {isa = PBXFileReference; includeInIndex = 1; lastKnownFileType = text.xcconfig; name = Pods.release.xcconfig; path = "Pods/Target Support Files/Pods/Pods.release.xcconfig"; sourceTree = "<group>"; };
		CEEFAC81923270615B1B42D5 /* Pods.debug.xcconfig */ = {isa = PBXFileReference; includeInIndex = 1; lastKnownFileType = text.xcconfig; name = Pods.debug.xcconfig; path = "Pods/Target Support Files/Pods/Pods.debug.xcconfig"; sourceTree = "<group>"; };
		F557ACD91B7A6D7E00DC15CE /* CodeTest.app */ = {isa = PBXFileReference; explicitFileType = wrapper.application; includeInIndex = 0; path = CodeTest.app; sourceTree = BUILT_PRODUCTS_DIR; };
		F557ACDD1B7A6D7E00DC15CE /* Info.plist */ = {isa = PBXFileReference; lastKnownFileType = text.plist.xml; path = Info.plist; sourceTree = "<group>"; };
		F557ACDE1B7A6D7E00DC15CE /* main.m */ = {isa = PBXFileReference; lastKnownFileType = sourcecode.c.objc; path = main.m; sourceTree = "<group>"; };
		F557ACE01B7A6D7E00DC15CE /* AppDelegate.h */ = {isa = PBXFileReference; lastKnownFileType = sourcecode.c.h; path = AppDelegate.h; sourceTree = "<group>"; };
		F557ACE11B7A6D7E00DC15CE /* AppDelegate.m */ = {isa = PBXFileReference; lastKnownFileType = sourcecode.c.objc; path = AppDelegate.m; sourceTree = "<group>"; };
		F557ACE31B7A6D7E00DC15CE /* MasterViewController.h */ = {isa = PBXFileReference; lastKnownFileType = sourcecode.c.h; path = MasterViewController.h; sourceTree = "<group>"; };
		F557ACE41B7A6D7E00DC15CE /* MasterViewController.m */ = {isa = PBXFileReference; lastKnownFileType = sourcecode.c.objc; path = MasterViewController.m; sourceTree = "<group>"; };
		F557ACE61B7A6D7E00DC15CE /* DetailViewController.h */ = {isa = PBXFileReference; lastKnownFileType = sourcecode.c.h; path = DetailViewController.h; sourceTree = "<group>"; };
		F557ACE71B7A6D7E00DC15CE /* DetailViewController.m */ = {isa = PBXFileReference; lastKnownFileType = sourcecode.c.objc; path = DetailViewController.m; sourceTree = "<group>"; };
		F557ACEA1B7A6D7E00DC15CE /* Base */ = {isa = PBXFileReference; lastKnownFileType = file.storyboard; name = Base; path = Base.lproj/Main.storyboard; sourceTree = "<group>"; };
		F557ACEC1B7A6D7E00DC15CE /* Images.xcassets */ = {isa = PBXFileReference; lastKnownFileType = folder.assetcatalog; path = Images.xcassets; sourceTree = "<group>"; };
		F557ACEF1B7A6D7E00DC15CE /* Base */ = {isa = PBXFileReference; lastKnownFileType = file.xib; name = Base; path = Base.lproj/LaunchScreen.xib; sourceTree = "<group>"; };
		F557ACF51B7A6D7E00DC15CE /* CodeTestTests.xctest */ = {isa = PBXFileReference; explicitFileType = wrapper.cfbundle; includeInIndex = 0; path = CodeTestTests.xctest; sourceTree = BUILT_PRODUCTS_DIR; };
		F557ACFA1B7A6D7E00DC15CE /* Info.plist */ = {isa = PBXFileReference; lastKnownFileType = text.plist.xml; path = Info.plist; sourceTree = "<group>"; };
		F557ACFB1B7A6D7E00DC15CE /* CodeTestTests.m */ = {isa = PBXFileReference; lastKnownFileType = sourcecode.c.objc; path = CodeTestTests.m; sourceTree = "<group>"; };
		F557AD061B7A78A600DC15CE /* customTableViewCell.h */ = {isa = PBXFileReference; fileEncoding = 4; lastKnownFileType = sourcecode.c.h; path = customTableViewCell.h; sourceTree = "<group>"; };
		F557AD071B7A78A600DC15CE /* customTableViewCell.m */ = {isa = PBXFileReference; fileEncoding = 4; lastKnownFileType = sourcecode.c.objc; path = customTableViewCell.m; sourceTree = "<group>"; };
/* End PBXFileReference section */

/* Begin PBXFrameworksBuildPhase section */
		F557ACD61B7A6D7E00DC15CE /* Frameworks */ = {
			isa = PBXFrameworksBuildPhase;
			buildActionMask = 2147483647;
			files = (
				1218D926FD4A82D0D9D6F16F /* libPods.a in Frameworks */,
			);
			runOnlyForDeploymentPostprocessing = 0;
		};
		F557ACF21B7A6D7E00DC15CE /* Frameworks */ = {
			isa = PBXFrameworksBuildPhase;
			buildActionMask = 2147483647;
			files = (
			);
			runOnlyForDeploymentPostprocessing = 0;
		};
/* End PBXFrameworksBuildPhase section */

/* Begin PBXGroup section */
		92CB3E3F88AA7C1C055B75C0 /* Pods */ = {
			isa = PBXGroup;
			children = (
				CEEFAC81923270615B1B42D5 /* Pods.debug.xcconfig */,
				B8D6BD716FD421B3DD9B87EB /* Pods.release.xcconfig */,
			);
			name = Pods;
			sourceTree = "<group>";
		};
		A5014BFA6D0BA05ECBE82C65 /* Frameworks */ = {
			isa = PBXGroup;
			children = (
				493BCCB3AE738A008AD25400 /* libPods.a */,
			);
			name = Frameworks;
			sourceTree = "<group>";
		};
		F557ACD01B7A6D7E00DC15CE = {
			isa = PBXGroup;
			children = (
				F557ACDB1B7A6D7E00DC15CE /* CodeTest */,
				F557ACF81B7A6D7E00DC15CE /* CodeTestTests */,
				F557ACDA1B7A6D7E00DC15CE /* Products */,
				92CB3E3F88AA7C1C055B75C0 /* Pods */,
				A5014BFA6D0BA05ECBE82C65 /* Frameworks */,
			);
			sourceTree = "<group>";
		};
		F557ACDA1B7A6D7E00DC15CE /* Products */ = {
			isa = PBXGroup;
			children = (
				F557ACD91B7A6D7E00DC15CE /* CodeTest.app */,
				F557ACF51B7A6D7E00DC15CE /* CodeTestTests.xctest */,
			);
			name = Products;
			sourceTree = "<group>";
		};
		F557ACDB1B7A6D7E00DC15CE /* CodeTest */ = {
			isa = PBXGroup;
			children = (
				F557ACE01B7A6D7E00DC15CE /* AppDelegate.h */,
				F557ACE11B7A6D7E00DC15CE /* AppDelegate.m */,
				F557ACE31B7A6D7E00DC15CE /* MasterViewController.h */,
				F557ACE41B7A6D7E00DC15CE /* MasterViewController.m */,
				F557ACE61B7A6D7E00DC15CE /* DetailViewController.h */,
				F557ACE71B7A6D7E00DC15CE /* DetailViewController.m */,
				F557AD061B7A78A600DC15CE /* customTableViewCell.h */,
				F557AD071B7A78A600DC15CE /* customTableViewCell.m */,
				F557ACE91B7A6D7E00DC15CE /* Main.storyboard */,
				F557ACEC1B7A6D7E00DC15CE /* Images.xcassets */,
				F557ACEE1B7A6D7E00DC15CE /* LaunchScreen.xib */,
				F557ACDC1B7A6D7E00DC15CE /* Supporting Files */,
			);
			path = CodeTest;
			sourceTree = "<group>";
		};
		F557ACDC1B7A6D7E00DC15CE /* Supporting Files */ = {
			isa = PBXGroup;
			children = (
				F557ACDD1B7A6D7E00DC15CE /* Info.plist */,
				F557ACDE1B7A6D7E00DC15CE /* main.m */,
			);
			name = "Supporting Files";
			sourceTree = "<group>";
		};
		F557ACF81B7A6D7E00DC15CE /* CodeTestTests */ = {
			isa = PBXGroup;
			children = (
				F557ACFB1B7A6D7E00DC15CE /* CodeTestTests.m */,
				F557ACF91B7A6D7E00DC15CE /* Supporting Files */,
			);
			path = CodeTestTests;
			sourceTree = "<group>";
		};
		F557ACF91B7A6D7E00DC15CE /* Supporting Files */ = {
			isa = PBXGroup;
			children = (
				F557ACFA1B7A6D7E00DC15CE /* Info.plist */,
			);
			name = "Supporting Files";
			sourceTree = "<group>";
		};
/* End PBXGroup section */

/* Begin PBXNativeTarget section */
		F557ACD81B7A6D7E00DC15CE /* CodeTest */ = {
			isa = PBXNativeTarget;
			buildConfigurationList = F557ACFF1B7A6D7E00DC15CE /* Build configuration list for PBXNativeTarget "CodeTest" */;
			buildPhases = (
				2CEBE651E4C03424B8689C93 /* Check Pods Manifest.lock */,
				F557ACD51B7A6D7E00DC15CE /* Sources */,
				F557ACD61B7A6D7E00DC15CE /* Frameworks */,
				F557ACD71B7A6D7E00DC15CE /* Resources */,
				876342442FFD01BCA763578B /* Copy Pods Resources */,
			);
			buildRules = (
			);
			dependencies = (
			);
			name = CodeTest;
			productName = CodeTest;
			productReference = F557ACD91B7A6D7E00DC15CE /* CodeTest.app */;
			productType = "com.apple.product-type.application";
		};
		F557ACF41B7A6D7E00DC15CE /* CodeTestTests */ = {
			isa = PBXNativeTarget;
			buildConfigurationList = F557AD021B7A6D7E00DC15CE /* Build configuration list for PBXNativeTarget "CodeTestTests" */;
			buildPhases = (
				F557ACF11B7A6D7E00DC15CE /* Sources */,
				F557ACF21B7A6D7E00DC15CE /* Frameworks */,
				F557ACF31B7A6D7E00DC15CE /* Resources */,
			);
			buildRules = (
			);
			dependencies = (
				F557ACF71B7A6D7E00DC15CE /* PBXTargetDependency */,
			);
			name = CodeTestTests;
			productName = CodeTestTests;
			productReference = F557ACF51B7A6D7E00DC15CE /* CodeTestTests.xctest */;
			productType = "com.apple.product-type.bundle.unit-test";
		};
/* End PBXNativeTarget section */

/* Begin PBXProject section */
		F557ACD11B7A6D7E00DC15CE /* Project object */ = {
			isa = PBXProject;
			attributes = {
				LastUpgradeCheck = 0610;
				ORGANIZATIONNAME = "Prachi Verma";
				TargetAttributes = {
					F557ACD81B7A6D7E00DC15CE = {
						CreatedOnToolsVersion = 6.1;
					};
					F557ACF41B7A6D7E00DC15CE = {
						CreatedOnToolsVersion = 6.1;
						TestTargetID = F557ACD81B7A6D7E00DC15CE;
					};
				};
			};
			buildConfigurationList = F557ACD41B7A6D7E00DC15CE /* Build configuration list for PBXProject "CodeTest" */;
			compatibilityVersion = "Xcode 3.2";
			developmentRegion = English;
			hasScannedForEncodings = 0;
			knownRegions = (
				en,
				Base,
			);
			mainGroup = F557ACD01B7A6D7E00DC15CE;
			productRefGroup = F557ACDA1B7A6D7E00DC15CE /* Products */;
			projectDirPath = "";
			projectRoot = "";
			targets = (
				F557ACD81B7A6D7E00DC15CE /* CodeTest */,
				F557ACF41B7A6D7E00DC15CE /* CodeTestTests */,
			);
		};
/* End PBXProject section */

/* Begin PBXResourcesBuildPhase section */
		F557ACD71B7A6D7E00DC15CE /* Resources */ = {
			isa = PBXResourcesBuildPhase;
			buildActionMask = 2147483647;
			files = (
				F557ACEB1B7A6D7E00DC15CE /* Main.storyboard in Resources */,
				F557ACF01B7A6D7E00DC15CE /* LaunchScreen.xib in Resources */,
				F557ACED1B7A6D7E00DC15CE /* Images.xcassets in Resources */,
			);
			runOnlyForDeploymentPostprocessing = 0;
		};
		F557ACF31B7A6D7E00DC15CE /* Resources */ = {
			isa = PBXResourcesBuildPhase;
			buildActionMask = 2147483647;
			files = (
			);
			runOnlyForDeploymentPostprocessing = 0;
		};
/* End PBXResourcesBuildPhase section */

/* Begin PBXShellScriptBuildPhase section */
		2CEBE651E4C03424B8689C93 /* Check Pods Manifest.lock */ = {
			isa = PBXShellScriptBuildPhase;
			buildActionMask = 2147483647;
			files = (
			);
			inputPaths = (
			);
			name = "Check Pods Manifest.lock";
			outputPaths = (
			);
			runOnlyForDeploymentPostprocessing = 0;
			shellPath = /bin/sh;
			shellScript = "diff \"${PODS_ROOT}/../Podfile.lock\" \"${PODS_ROOT}/Manifest.lock\" > /dev/null\nif [[ $? != 0 ]] ; then\n    cat << EOM\nerror: The sandbox is not in sync with the Podfile.lock. Run 'pod install' or update your CocoaPods installation.\nEOM\n    exit 1\nfi\n";
			showEnvVarsInLog = 0;
		};
		876342442FFD01BCA763578B /* Copy Pods Resources */ = {
			isa = PBXShellScriptBuildPhase;
			buildActionMask = 2147483647;
			files = (
			);
			inputPaths = (
			);
			name = "Copy Pods Resources";
			outputPaths = (
			);
			runOnlyForDeploymentPostprocessing = 0;
			shellPath = /bin/sh;
			shellScript = "\"${SRCROOT}/Pods/Target Support Files/Pods/Pods-resources.sh\"\n";
			showEnvVarsInLog = 0;
		};
/* End PBXShellScriptBuildPhase section */

/* Begin PBXSourcesBuildPhase section */
		F557ACD51B7A6D7E00DC15CE /* Sources */ = {
			isa = PBXSourcesBuildPhase;
			buildActionMask = 2147483647;
			files = (
				F557AD081B7A78A600DC15CE /* customTableViewCell.m in Sources */,
				F557ACE21B7A6D7E00DC15CE /* AppDelegate.m in Sources */,
				F557ACE51B7A6D7E00DC15CE /* MasterViewController.m in Sources */,
				F557ACDF1B7A6D7E00DC15CE /* main.m in Sources */,
				F557ACE81B7A6D7E00DC15CE /* DetailViewController.m in Sources */,
			);
			runOnlyForDeploymentPostprocessing = 0;
		};
		F557ACF11B7A6D7E00DC15CE /* Sources */ = {
			isa = PBXSourcesBuildPhase;
			buildActionMask = 2147483647;
			files = (
				F557ACFC1B7A6D7E00DC15CE /* CodeTestTests.m in Sources */,
			);
			runOnlyForDeploymentPostprocessing = 0;
		};
/* End PBXSourcesBuildPhase section */

/* Begin PBXTargetDependency section */
		F557ACF71B7A6D7E00DC15CE /* PBXTargetDependency */ = {
			isa = PBXTargetDependency;
			target = F557ACD81B7A6D7E00DC15CE /* CodeTest */;
			targetProxy = F557ACF61B7A6D7E00DC15CE /* PBXContainerItemProxy */;
		};
/* End PBXTargetDependency section */

/* Begin PBXVariantGroup section */
		F557ACE91B7A6D7E00DC15CE /* Main.storyboard */ = {
			isa = PBXVariantGroup;
			children = (
				F557ACEA1B7A6D7E00DC15CE /* Base */,
			);
			name = Main.storyboard;
			sourceTree = "<group>";
		};
		F557ACEE1B7A6D7E00DC15CE /* LaunchScreen.xib */ = {
			isa = PBXVariantGroup;
			children = (
				F557ACEF1B7A6D7E00DC15CE /* Base */,
			);
			name = LaunchScreen.xib;
			sourceTree = "<group>";
		};
/* End PBXVariantGroup section */

/* Begin XCBuildConfiguration section */
		F557ACFD1B7A6D7E00DC15CE /* Debug */ = {
			isa = XCBuildConfiguration;
			buildSettings = {
				ALWAYS_SEARCH_USER_PATHS = NO;
				CLANG_CXX_LANGUAGE_STANDARD = "gnu++0x";
				CLANG_CXX_LIBRARY = "libc++";
				CLANG_ENABLE_MODULES = YES;
				CLANG_ENABLE_OBJC_ARC = YES;
				CLANG_WARN_BOOL_CONVERSION = YES;
				CLANG_WARN_CONSTANT_CONVERSION = YES;
				CLANG_WARN_DIRECT_OBJC_ISA_USAGE = YES_ERROR;
				CLANG_WARN_EMPTY_BODY = YES;
				CLANG_WARN_ENUM_CONVERSION = YES;
				CLANG_WARN_INT_CONVERSION = YES;
				CLANG_WARN_OBJC_ROOT_CLASS = YES_ERROR;
				CLANG_WARN_UNREACHABLE_CODE = YES;
				CLANG_WARN__DUPLICATE_METHOD_MATCH = YES;
				"CODE_SIGN_IDENTITY[sdk=iphoneos*]" = "iPhone Developer";
				COPY_PHASE_STRIP = NO;
				ENABLE_STRICT_OBJC_MSGSEND = YES;
				GCC_C_LANGUAGE_STANDARD = gnu99;
				GCC_DYNAMIC_NO_PIC = NO;
				GCC_OPTIMIZATION_LEVEL = 0;
				GCC_PREPROCESSOR_DEFINITIONS = (
					"DEBUG=1",
					"$(inherited)",
				);
				GCC_SYMBOLS_PRIVATE_EXTERN = NO;
				GCC_WARN_64_TO_32_BIT_CONVERSION = YES;
				GCC_WARN_ABOUT_RETURN_TYPE = YES_ERROR;
				GCC_WARN_UNDECLARED_SELECTOR = YES;
				GCC_WARN_UNINITIALIZED_AUTOS = YES_AGGRESSIVE;
				GCC_WARN_UNUSED_FUNCTION = YES;
				GCC_WARN_UNUSED_VARIABLE = YES;
				IPHONEOS_DEPLOYMENT_TARGET = 8.1;
				MTL_ENABLE_DEBUG_INFO = YES;
				ONLY_ACTIVE_ARCH = YES;
				SDKROOT = iphoneos;
			};
			name = Debug;
		};
		F557ACFE1B7A6D7E00DC15CE /* Release */ = {
			isa = XCBuildConfiguration;
			buildSettings = {
				ALWAYS_SEARCH_USER_PATHS = NO;
				CLANG_CXX_LANGUAGE_STANDARD = "gnu++0x";
				CLANG_CXX_LIBRARY = "libc++";
				CLANG_ENABLE_MODULES = YES;
				CLANG_ENABLE_OBJC_ARC = YES;
				CLANG_WARN_BOOL_CONVERSION = YES;
				CLANG_WARN_CONSTANT_CONVERSION = YES;
				CLANG_WARN_DIRECT_OBJC_ISA_USAGE = YES_ERROR;
				CLANG_WARN_EMPTY_BODY = YES;
				CLANG_WARN_ENUM_CONVERSION = YES;
				CLANG_WARN_INT_CONVERSION = YES;
				CLANG_WARN_OBJC_ROOT_CLASS = YES_ERROR;
				CLANG_WARN_UNREACHABLE_CODE = YES;
				CLANG_WARN__DUPLICATE_METHOD_MATCH = YES;
				"CODE_SIGN_IDENTITY[sdk=iphoneos*]" = "iPhone Developer";
				COPY_PHASE_STRIP = YES;
				ENABLE_NS_ASSERTIONS = NO;
				ENABLE_STRICT_OBJC_MSGSEND = YES;
				GCC_C_LANGUAGE_STANDARD = gnu99;
				GCC_WARN_64_TO_32_BIT_CONVERSION = YES;
				GCC_WARN_ABOUT_RETURN_TYPE = YES_ERROR;
				GCC_WARN_UNDECLARED_SELECTOR = YES;
				GCC_WARN_UNINITIALIZED_AUTOS = YES_AGGRESSIVE;
				GCC_WARN_UNUSED_FUNCTION = YES;
				GCC_WARN_UNUSED_VARIABLE = YES;
				IPHONEOS_DEPLOYMENT_TARGET = 8.1;
				MTL_ENABLE_DEBUG_INFO = NO;
				SDKROOT = iphoneos;
				VALIDATE_PRODUCT = YES;
			};
			name = Release;
		};
		F557AD001B7A6D7E00DC15CE /* Debug */ = {
			isa = XCBuildConfiguration;
			baseConfigurationReference = CEEFAC81923270615B1B42D5 /* Pods.debug.xcconfig */;
			buildSettings = {
				ASSETCATALOG_COMPILER_APPICON_NAME = AppIcon;
				INFOPLIST_FILE = CodeTest/Info.plist;
				LD_RUNPATH_SEARCH_PATHS = "$(inherited) @executable_path/Frameworks";
				PRODUCT_NAME = "$(TARGET_NAME)";
			};
			name = Debug;
		};
		F557AD011B7A6D7E00DC15CE /* Release */ = {
			isa = XCBuildConfiguration;
			baseConfigurationReference = B8D6BD716FD421B3DD9B87EB /* Pods.release.xcconfig */;
			buildSettings = {
				ASSETCATALOG_COMPILER_APPICON_NAME = AppIcon;
				INFOPLIST_FILE = CodeTest/Info.plist;
				LD_RUNPATH_SEARCH_PATHS = "$(inherited) @executable_path/Frameworks";
				PRODUCT_NAME = "$(TARGET_NAME)";
			};
			name = Release;
		};
		F557AD031B7A6D7E00DC15CE /* Debug */ = {
			isa = XCBuildConfiguration;
			buildSettings = {
				BUNDLE_LOADER = "$(TEST_HOST)";
				FRAMEWORK_SEARCH_PATHS = (
					"$(SDKROOT)/Developer/Library/Frameworks",
					"$(inherited)",
				);
				GCC_PREPROCESSOR_DEFINITIONS = (
					"DEBUG=1",
					"$(inherited)",
				);
				INFOPLIST_FILE = CodeTestTests/Info.plist;
				LD_RUNPATH_SEARCH_PATHS = "$(inherited) @executable_path/Frameworks @loader_path/Frameworks";
				PRODUCT_NAME = "$(TARGET_NAME)";
				TEST_HOST = "$(BUILT_PRODUCTS_DIR)/CodeTest.app/CodeTest";
			};
			name = Debug;
		};
		F557AD041B7A6D7E00DC15CE /* Release */ = {
			isa = XCBuildConfiguration;
			buildSettings = {
				BUNDLE_LOADER = "$(TEST_HOST)";
				FRAMEWORK_SEARCH_PATHS = (
					"$(SDKROOT)/Developer/Library/Frameworks",
					"$(inherited)",
				);
				INFOPLIST_FILE = CodeTestTests/Info.plist;
				LD_RUNPATH_SEARCH_PATHS = "$(inherited) @executable_path/Frameworks @loader_path/Frameworks";
				PRODUCT_NAME = "$(TARGET_NAME)";
				TEST_HOST = "$(BUILT_PRODUCTS_DIR)/CodeTest.app/CodeTest";
			};
			name = Release;
		};
/* End XCBuildConfiguration section */

/* Begin XCConfigurationList section */
		F557ACD41B7A6D7E00DC15CE /* Build configuration list for PBXProject "CodeTest" */ = {
			isa = XCConfigurationList;
			buildConfigurations = (
				F557ACFD1B7A6D7E00DC15CE /* Debug */,
				F557ACFE1B7A6D7E00DC15CE /* Release */,
			);
			defaultConfigurationIsVisible = 0;
			defaultConfigurationName = Release;
		};
		F557ACFF1B7A6D7E00DC15CE /* Build configuration list for PBXNativeTarget "CodeTest" */ = {
			isa = XCConfigurationList;
			buildConfigurations = (
				F557AD001B7A6D7E00DC15CE /* Debug */,
				F557AD011B7A6D7E00DC15CE /* Release */,
			);
			defaultConfigurationIsVisible = 0;
			defaultConfigurationName = Release;
		};
		F557AD021B7A6D7E00DC15CE /* Build configuration list for PBXNativeTarget "CodeTestTests" */ = {
			isa = XCConfigurationList;
			buildConfigurations = (
				F557AD031B7A6D7E00DC15CE /* Debug */,
				F557AD041B7A6D7E00DC15CE /* Release */,
			);
			defaultConfigurationIsVisible = 0;
			defaultConfigurationName = Release;
		};
/* End XCConfigurationList section */
	};
	rootObject = F557ACD11B7A6D7E00DC15CE /* Project object */;
}
